{
  "name": "orlog-main",
  "version": "1.0.0",
  "lockfileVersion": 1,
  "requires": true,
  "dependencies": {
    "@webcomponents/webcomponentsjs": {
      "version": "2.5.0",
      "resolved": "https://globaldevtools.bbva.com:443/artifactory/api/npm/npm-repo/@webcomponents/webcomponentsjs/-/webcomponentsjs-2.5.0.tgz",
      "integrity": "sha1-YbJ3haatW/1o+gGCAf5BixGMs40="
    },
    "lit-element": {
      "version": "2.4.0",
      "resolved": "https://globaldevtools.bbva.com:443/artifactory/api/npm/npm-repo/lit-element/-/lit-element-2.4.0.tgz",
      "integrity": "sha1-siYHoDeo/Aj1qAc23d9/P11AFFI=",
      "requires": {
        "lit-html": "^1.1.1"
      }
    },
    "lit-element-router": {
      "version": "2.0.3",
      "resolved": "https://globaldevtools.bbva.com:443/artifactory/api/npm/npm-repo/lit-element-router/-/lit-element-router-2.0.3.tgz",
      "integrity": "sha1-bNNp0gX3lCFnS47IfLALij5mqms="
    },
    "lit-html": {
      "version": "1.3.0",
      "resolved": "https://globaldevtools.bbva.com:443/artifactory/api/npm/npm-repo/lit-html/-/lit-html-1.3.0.tgz",
      "integrity": "sha1-yA88xXk6bepsBxcr6QpwqyDlYDQ="
    }
  }
}
